
Microsoft Visual Studio Solution File, Format Version 12.00
# Visual Studio Version 16
VisualStudioVersion = 16.0.33027.164
MinimumVisualStudioVersion = 10.0.40219.1
Project("{FAE04EC0-301F-11D3-BF4B-00C04F79EFBC}") = "BookAPI", "BookAPI\BookAPI.csproj", "{FEDB30D6-DCDA-4DDD-B122-8FA22B3304D8}"
EndProject
Global
	GlobalSection(SolutionConfigurationPlatforms) = preSolution
		Debug|Any CPU = Debug|Any CPU
		Release|Any CPU = Release|Any CPU
	EndGlobalSection
	GlobalSection(ProjectConfigurationPlatforms) = postSolution
		{FEDB30D6-DCDA-4DDD-B122-8FA22B3304D8}.Debug|Any CPU.ActiveCfg = Debug|Any CPU
		{FEDB30D6-DCDA-4DDD-B122-8FA22B3304D8}.Debug|Any CPU.Build.0 = Debug|Any CPU
		{FEDB30D6-DCDA-4DDD-B122-8FA22B3304D8}.Release|Any CPU.ActiveCfg = Release|Any CPU
		{FEDB30D6-DCDA-4DDD-B122-8FA22B3304D8}.Release|Any CPU.Build.0 = Release|Any CPU
	EndGlobalSection
	GlobalSection(SolutionProperties) = preSolution
		HideSolutionNode = FALSE
	EndGlobalSection
	GlobalSection(ExtensibilityGlobals) = postSolution
		SolutionGuid = {2C0A979B-5CC4-4558-9890-0284A4F068C3}
	EndGlobalSection
EndGlobal
